Microsoft Visual Studio Solution File, Format Version 11.00
# Visual Studio 2008

Project("{DDCC2352-4087-A51C-D7C0-DBEB96D6CBEA}") = "Poop Tosser", "Assembly-CSharp.csproj", "{307F3CBB-BBE2-8862-4AFD-4FCE6BEB7A22}"
EndProject
Project("{DDCC2352-4087-A51C-D7C0-DBEB96D6CBEA}") = "Poop Tosser", "Assembly-UnityScript.unityproj", "{0058E54D-1523-E849-1273-BBC6D13C2D80}"
EndProject
Global
	GlobalSection(SolutionConfigurationPlatforms) = preSolution
		Debug|Any CPU = Debug|Any CPU
		Release|Any CPU = Release|Any CPU
	EndGlobalSection
	GlobalSection(ProjectConfigurationPlatforms) = postSolution
		{307F3CBB-BBE2-8862-4AFD-4FCE6BEB7A22}.Debug|Any CPU.ActiveCfg = Debug|Any CPU
		{307F3CBB-BBE2-8862-4AFD-4FCE6BEB7A22}.Debug|Any CPU.Build.0 = Debug|Any CPU
		{307F3CBB-BBE2-8862-4AFD-4FCE6BEB7A22}.Release|Any CPU.ActiveCfg = Release|Any CPU
		{307F3CBB-BBE2-8862-4AFD-4FCE6BEB7A22}.Release|Any CPU.Build.0 = Release|Any CPU
		{0058E54D-1523-E849-1273-BBC6D13C2D80}.Debug|Any CPU.ActiveCfg = Debug|Any CPU
		{0058E54D-1523-E849-1273-BBC6D13C2D80}.Debug|Any CPU.Build.0 = Debug|Any CPU
		{0058E54D-1523-E849-1273-BBC6D13C2D80}.Release|Any CPU.ActiveCfg = Release|Any CPU
		{0058E54D-1523-E849-1273-BBC6D13C2D80}.Release|Any CPU.Build.0 = Release|Any CPU
	EndGlobalSection
	GlobalSection(SolutionProperties) = preSolution
		HideSolutionNode = FALSE
	EndGlobalSection
																																																																																	GlobalSection(MonoDevelopProperties) = preSolution
		StartupItem = Assembly-CSharp.csproj
		Policies = $0
		$0.TextStylePolicy = $1
		$1.inheritsSet = null
		$1.scope = text/x-csharp
		$0.CSharpFormattingPolicy = $2
		$2.inheritsSet = Mono
		$2.inheritsScope = text/x-csharp
		$2.scope = text/x-csharp
		$0.TextStylePolicy = $3
		$3.FileWidth = 120
		$3.TabWidth = 4
		$3.IndentWidth = 4
		$3.EolMarker = Unix
		$3.inheritsSet = Mono
		$3.inheritsScope = text/plain
		$3.scope = text/plain
	EndGlobalSection

EndGlobal
